
Microsoft Visual Studio Solution File, Format Version 12.00
# Visual Studio Version 17
VisualStudioVersion = 17.3.32922.545
MinimumVisualStudioVersion = 10.0.40219.1
Project("{FAE04EC0-301F-11D3-BF4B-00C04F79EFBC}") = "PuntoDeInformacion", "PuntoDeInformacion\PuntoDeInformacion.csproj", "{6003A4C2-9839-458D-AC9E-3D98B62A4125}"
EndProject
Global
	GlobalSection(SolutionConfigurationPlatforms) = preSolution
		Debug|Any CPU = Debug|Any CPU
		Release|Any CPU = Release|Any CPU
	EndGlobalSection
	GlobalSection(ProjectConfigurationPlatforms) = postSolution
		{6003A4C2-9839-458D-AC9E-3D98B62A4125}.Debug|Any CPU.ActiveCfg = Debug|Any CPU
		{6003A4C2-9839-458D-AC9E-3D98B62A4125}.Debug|Any CPU.Build.0 = Debug|Any CPU
		{6003A4C2-9839-458D-AC9E-3D98B62A4125}.Release|Any CPU.ActiveCfg = Release|Any CPU
		{6003A4C2-9839-458D-AC9E-3D98B62A4125}.Release|Any CPU.Build.0 = Release|Any CPU
	EndGlobalSection
	GlobalSection(SolutionProperties) = preSolution
		HideSolutionNode = FALSE
	EndGlobalSection
	GlobalSection(ExtensibilityGlobals) = postSolution
		SolutionGuid = {B93AE08C-7B0A-4E75-9B8C-638AFD196DFA}
	EndGlobalSection
EndGlobal
